
Microsoft Visual Studio Solution File, Format Version 12.00
# Visual Studio 15
VisualStudioVersion = 15.0.28307.960
MinimumVisualStudioVersion = 10.0.40219.1
Project("{FAE04EC0-301F-11D3-BF4B-00C04F79EFBC}") = "Loop", "Loop\Loop.csproj", "{4DD76788-0581-4E96-96C9-D0813E7ED82A}"
EndProject
Global
	GlobalSection(SolutionConfigurationPlatforms) = preSolution
		Debug|Any CPU = Debug|Any CPU
		Release|Any CPU = Release|Any CPU
	EndGlobalSection
	GlobalSection(ProjectConfigurationPlatforms) = postSolution
		{4DD76788-0581-4E96-96C9-D0813E7ED82A}.Debug|Any CPU.ActiveCfg = Debug|Any CPU
		{4DD76788-0581-4E96-96C9-D0813E7ED82A}.Debug|Any CPU.Build.0 = Debug|Any CPU
		{4DD76788-0581-4E96-96C9-D0813E7ED82A}.Release|Any CPU.ActiveCfg = Release|Any CPU
		{4DD76788-0581-4E96-96C9-D0813E7ED82A}.Release|Any CPU.Build.0 = Release|Any CPU
	EndGlobalSection
	GlobalSection(SolutionProperties) = preSolution
		HideSolutionNode = FALSE
	EndGlobalSection
	GlobalSection(ExtensibilityGlobals) = postSolution
		SolutionGuid = {30F8D013-9249-4582-A113-86C815EF02C6}
	EndGlobalSection
EndGlobal
