Microsoft Visual Studio Solution File, Format Version 12.00
# Visual Studio 15
VisualStudioVersion = 15.0.28307.960
MinimumVisualStudioVersion = 10.0.40219.1
Project("{FAE04EC0-301F-11D3-BF4B-00C04F79EFBC}") = "MyClass", "MyClass\MyClass.csproj", "{5C9DD355-0F44-4188-9482-5200C273B82D}"
EndProject
Global
	GlobalSection(SolutionConfigurationPlatforms) = preSolution
		Debug|anycpu = Debug|anycpu
		Release|anycpu = Release|anycpu
	EndGlobalSection
	GlobalSection(ProjectConfigurationPlatforms) = postSolution
		{5C9DD355-0F44-4188-9482-5200C273B82D}.Debug|anycpu.ActiveCfg = Debug|Any CPU
		{5C9DD355-0F44-4188-9482-5200C273B82D}.Debug|anycpu.Build.0 = Debug|Any CPU
		{5C9DD355-0F44-4188-9482-5200C273B82D}.Release|anycpu.ActiveCfg = Release|Any CPU
		{5C9DD355-0F44-4188-9482-5200C273B82D}.Release|anycpu.Build.0 = Release|Any CPU
	EndGlobalSection
	GlobalSection(SolutionProperties) = preSolution
		HideSolutionNode = FALSE
	EndGlobalSection
	GlobalSection(ExtensibilityGlobals) = postSolution
		SolutionGuid = {6ABB224F-C350-4E7F-83CC-10B84EFBCA6A}
	EndGlobalSection
EndGlobal
