Microsoft Visual Studio Solution File, Format Version 12.00
# Visual Studio 15
VisualStudioVersion = 15.0.28307.960
MinimumVisualStudioVersion = 10.0.40219.1
Project("{FAE04EC0-301F-11D3-BF4B-00C04F79EFBC}") = "Progressions", "Progressions\Progressions.csproj", "{6F29A99A-DEB6-4874-8A00-4102B0AE3B36}"
EndProject
Global
	GlobalSection(SolutionConfigurationPlatforms) = preSolution
		Debug|anycpu = Debug|anycpu
		Release|anycpu = Release|anycpu
	EndGlobalSection
	GlobalSection(ProjectConfigurationPlatforms) = postSolution
		{6F29A99A-DEB6-4874-8A00-4102B0AE3B36}.Debug|anycpu.ActiveCfg = Debug|Any CPU
		{6F29A99A-DEB6-4874-8A00-4102B0AE3B36}.Debug|anycpu.Build.0 = Debug|Any CPU
		{6F29A99A-DEB6-4874-8A00-4102B0AE3B36}.Release|anycpu.ActiveCfg = Release|Any CPU
		{6F29A99A-DEB6-4874-8A00-4102B0AE3B36}.Release|anycpu.Build.0 = Release|Any CPU
	EndGlobalSection
	GlobalSection(SolutionProperties) = preSolution
		HideSolutionNode = FALSE
	EndGlobalSection
	GlobalSection(ExtensibilityGlobals) = postSolution
		SolutionGuid = {C97A18B6-3F19-4157-9489-1BAA444419B0}
	EndGlobalSection
EndGlobal
