
Microsoft Visual Studio Solution File, Format Version 12.00
# Visual Studio 15
VisualStudioVersion = 15.0.28307.960
MinimumVisualStudioVersion = 10.0.40219.1
Project("{FAE04EC0-301F-11D3-BF4B-00C04F79EFBC}") = "Greetings", "Greetings\Greetings.csproj", "{AB427798-A573-4AE9-989C-AAEB140B18FC}"
EndProject
Global
	GlobalSection(SolutionConfigurationPlatforms) = preSolution
		Debug|Any CPU = Debug|Any CPU
		Release|Any CPU = Release|Any CPU
	EndGlobalSection
	GlobalSection(ProjectConfigurationPlatforms) = postSolution
		{AB427798-A573-4AE9-989C-AAEB140B18FC}.Debug|Any CPU.ActiveCfg = Debug|Any CPU
		{AB427798-A573-4AE9-989C-AAEB140B18FC}.Debug|Any CPU.Build.0 = Debug|Any CPU
		{AB427798-A573-4AE9-989C-AAEB140B18FC}.Release|Any CPU.ActiveCfg = Release|Any CPU
		{AB427798-A573-4AE9-989C-AAEB140B18FC}.Release|Any CPU.Build.0 = Release|Any CPU
	EndGlobalSection
	GlobalSection(SolutionProperties) = preSolution
		HideSolutionNode = FALSE
	EndGlobalSection
	GlobalSection(ExtensibilityGlobals) = postSolution
		SolutionGuid = {2327DC56-FC1F-4EEA-8114-EEB3F7ED18C4}
	EndGlobalSection
EndGlobal
